PODS:
  - Alamofire (4.8.0)
  - Aletheia (1.0.9):
    - Aletheia/Core (= 1.0.9)
  - Aletheia/Core (1.0.9):
    - Log
  - Aletheia/Network (1.0.9):
    - Alamofire (= 4.8.0)
    - Aletheia/Core
    - Kingfisher (= 4.10.0)
  - Kingfisher (4.10.0)
  - Log (2.0)

DEPENDENCIES:
  - Aletheia (from `../`)
  - Aletheia/Network (from `../`)

SPEC REPOS:
  trunk:
    - Alamofire
    - Kingfisher
    - Log

EXTERNAL SOURCES:
  Aletheia:
    :path: "../"

SPEC CHECKSUMS:
  Alamofire: 3ec537f71edc9804815215393ae2b1a8ea33a844
  Aletheia: dcffd743e22a84e1f4eefb76755da1b47a0032c2
  Kingfisher: 43c4b802d8b5256cf1f4379e9cd10b329be6d3e2
  Log: 73fab10e8b88f15cef5f322b12c9be87cf19ee6e

PODFILE CHECKSUM: e651e9a3022e8f5a33398b76868d4a1eb7573334

COCOAPODS: 1.8.3
