PODS:
  - Alamofire (4.8.0)
  - Aletheia (1.0.0):
    - Aletheia/Core (= 1.0.0)
  - Aletheia/Core (1.0.0):
    - Alamofire (= 4.8.0)
    - Kingfisher (= 4.10.0)
    - Log
  - Kingfisher (4.10.0)
  - Log (2.0)
  - Nimble (7.3.4)
  - Quick (1.2.0)

DEPENDENCIES:
  - Aletheia (from `../`)
  - Nimble (~> 7.0)
  - Quick (~> 1.2.0)

SPEC REPOS:
  trunk:
    - Alamofire
    - Kingfisher
    - Log
    - Nimble
    - Quick

EXTERNAL SOURCES:
  Aletheia:
    :path: "../"

SPEC CHECKSUMS:
  Alamofire: 3ec537f71edc9804815215393ae2b1a8ea33a844
  Aletheia: 80165f150bd6710e37817596b2f0bec467b217f3
  Kingfisher: 43c4b802d8b5256cf1f4379e9cd10b329be6d3e2
  Log: 73fab10e8b88f15cef5f322b12c9be87cf19ee6e
  Nimble: 051e3d8912d40138fa5591c78594f95fb172af37
  Quick: 58d203b1c5e27fff7229c4c1ae445ad7069a7a08

PODFILE CHECKSUM: 1b45e280817228bde9205a7c7e09714b137b3fe9

COCOAPODS: 1.8.4
